<?xml version="1.0" encoding="utf-8"?>
<Project ToolsVersion="4.0" xmlns="http://schemas.microsoft.com/developer/msbuild/2003">
  <ItemGroup>
    <Filter Include="Resource Files">
      <UniqueIdentifier>{D9D6E242-F8AF-46E4-B9FD-80ECBC20BA3E}</UniqueIdentifier>
      <Extensions>qrc;*</Extensions>
      <ParseFiles>false</ParseFiles>
    </Filter>
    <Filter Include="Resource Files">
      <UniqueIdentifier>{D9D6E242-F8AF-46E4-B9FD-80ECBC20BA3E}</UniqueIdentifier>
      <Extensions>qrc;*</Extensions>
      <ParseFiles>false</ParseFiles>
    </Filter>
    <Filter Include="Core">
      <UniqueIdentifier>{267d484f-a201-4d09-bba0-84e267559170}</UniqueIdentifier>
    </Filter>
    <Filter Include="Gui">
      <UniqueIdentifier>{225c9800-cf4f-4448-a3c7-ce8238172104}</UniqueIdentifier>
    </Filter>
  </ItemGroup>
  <ItemGroup>
    <ClCompile Include="core\app.cpp">
      <Filter>Core</Filter>
    </ClCompile>
    <ClCompile Include="core\game.cpp">
      <Filter>Core</Filter>
    </ClCompile>
    <ClCompile Include="core\main.cpp">
      <Filter>Core</Filter>
    </ClCompile>
    <ClCompile Include="gui\mainwindow.cpp">
      <Filter>Gui</Filter>
    </ClCompile>
    <ClCompile Include="core\block.cpp">
      <Filter>Core</Filter>
    </ClCompile>
    <ClCompile Include="core\gameScene.cpp">
      <Filter>Core</Filter>
    </ClCompile>
  </ItemGroup>
  <ItemGroup>
    <QtMoc Include="core\app.h">
      <Filter>Core</Filter>
    </QtMoc>
    <QtMoc Include="gui\mainwindow.h">
      <Filter>Gui</Filter>
    </QtMoc>
    <QtMoc Include="core\gameScene.h">
      <Filter>Core</Filter>
    </QtMoc>
    <QtMoc Include="core\game.h">
      <Filter>Core</Filter>
    </QtMoc>
    <QtMoc Include="core\block.h">
      <Filter>Core</Filter>
    </QtMoc>
  </ItemGroup>
  <ItemGroup>
    <QtUic Include="gui\mainwindow.ui">
      <Filter>Gui</Filter>
    </QtUic>
  </ItemGroup>
  <ItemGroup>
    <QtRcc Include="Tetris.qrc">
      <Filter>Resource Files</Filter>
    </QtRcc>
  </ItemGroup>
</Project>